
Microsoft Visual Studio Solution File, Format Version 12.00
# Visual Studio 15
VisualStudioVersion = 15.0.27703.2035
MinimumVisualStudioVersion = 10.0.40219.1
Project("{9A19103F-16F7-4668-BE54-9A1E7A4F7556}") = "Notifications", "Notifications\Notifications.csproj", "{A0809602-C09B-4785-A237-599C374525F8}"
EndProject
Project("{9A19103F-16F7-4668-BE54-9A1E7A4F7556}") = "RabbitMqConsumer", "RabbitMqConsumer\RabbitMqConsumer.csproj", "{8B799399-F920-466F-A146-56CAB46C0B71}"
EndProject
Project("{9A19103F-16F7-4668-BE54-9A1E7A4F7556}") = "RabbitMqEventBus", "RabbitMqEventBus\RabbitMqEventBus.csproj", "{644D2BDA-4012-4D62-ADA7-A2108061B2A6}"
EndProject
Project("{FAE04EC0-301F-11D3-BF4B-00C04F79EFBC}") = "Configurations", "Configurations\Configurations.csproj", "{E416FA93-1C32-4F28-9EC1-C77107795A65}"
EndProject
Project("{FAE04EC0-301F-11D3-BF4B-00C04F79EFBC}") = "RabbitMqPublisher", "RabbitMqPublisher\RabbitMqPublisher.csproj", "{94D99D80-92D1-4A21-A859-1B6415F668D1}"
EndProject
Global
	GlobalSection(SolutionConfigurationPlatforms) = preSolution
		Debug|Any CPU = Debug|Any CPU
		Release|Any CPU = Release|Any CPU
	EndGlobalSection
	GlobalSection(ProjectConfigurationPlatforms) = postSolution
		{A0809602-C09B-4785-A237-599C374525F8}.Debug|Any CPU.ActiveCfg = Debug|Any CPU
		{A0809602-C09B-4785-A237-599C374525F8}.Debug|Any CPU.Build.0 = Debug|Any CPU
		{A0809602-C09B-4785-A237-599C374525F8}.Release|Any CPU.ActiveCfg = Release|Any CPU
		{A0809602-C09B-4785-A237-599C374525F8}.Release|Any CPU.Build.0 = Release|Any CPU
		{8B799399-F920-466F-A146-56CAB46C0B71}.Debug|Any CPU.ActiveCfg = Debug|Any CPU
		{8B799399-F920-466F-A146-56CAB46C0B71}.Debug|Any CPU.Build.0 = Debug|Any CPU
		{8B799399-F920-466F-A146-56CAB46C0B71}.Release|Any CPU.ActiveCfg = Release|Any CPU
		{8B799399-F920-466F-A146-56CAB46C0B71}.Release|Any CPU.Build.0 = Release|Any CPU
		{644D2BDA-4012-4D62-ADA7-A2108061B2A6}.Debug|Any CPU.ActiveCfg = Debug|Any CPU
		{644D2BDA-4012-4D62-ADA7-A2108061B2A6}.Debug|Any CPU.Build.0 = Debug|Any CPU
		{644D2BDA-4012-4D62-ADA7-A2108061B2A6}.Release|Any CPU.ActiveCfg = Release|Any CPU
		{644D2BDA-4012-4D62-ADA7-A2108061B2A6}.Release|Any CPU.Build.0 = Release|Any CPU
		{E416FA93-1C32-4F28-9EC1-C77107795A65}.Debug|Any CPU.ActiveCfg = Debug|Any CPU
		{E416FA93-1C32-4F28-9EC1-C77107795A65}.Debug|Any CPU.Build.0 = Debug|Any CPU
		{E416FA93-1C32-4F28-9EC1-C77107795A65}.Release|Any CPU.ActiveCfg = Release|Any CPU
		{E416FA93-1C32-4F28-9EC1-C77107795A65}.Release|Any CPU.Build.0 = Release|Any CPU
		{94D99D80-92D1-4A21-A859-1B6415F668D1}.Debug|Any CPU.ActiveCfg = Debug|Any CPU
		{94D99D80-92D1-4A21-A859-1B6415F668D1}.Debug|Any CPU.Build.0 = Debug|Any CPU
		{94D99D80-92D1-4A21-A859-1B6415F668D1}.Release|Any CPU.ActiveCfg = Release|Any CPU
		{94D99D80-92D1-4A21-A859-1B6415F668D1}.Release|Any CPU.Build.0 = Release|Any CPU
	EndGlobalSection
	GlobalSection(SolutionProperties) = preSolution
		HideSolutionNode = FALSE
	EndGlobalSection
	GlobalSection(ExtensibilityGlobals) = postSolution
		SolutionGuid = {54CD36F3-2439-4149-B900-4D97F662EC1A}
	EndGlobalSection
EndGlobal
